// !$*UTF8*$!
{
	archiveVersion = 1;
	classes = {
	};
	objectVersion = 46;
	objects = {

/* Begin PBXBuildFile section */
		2842D8D31BE1E6A700291200 /* main.m in Sources */ = {isa = PBXBuildFile; fileRef = 2842D8D21BE1E6A700291200 /* main.m */; };
		2842D8DC1BE1E6A700291200 /* Main.storyboard in Resources */ = {isa = PBXBuildFile; fileRef = 2842D8DA1BE1E6A700291200 /* Main.storyboard */; };
		2842D8DE1BE1E6A700291200 /* Assets.xcassets in Resources */ = {isa = PBXBuildFile; fileRef = 2842D8DD1BE1E6A700291200 /* Assets.xcassets */; };
		2842D8E11BE1E6A700291200 /* LaunchScreen.storyboard in Resources */ = {isa = PBXBuildFile; fileRef = 2842D8DF1BE1E6A700291200 /* LaunchScreen.storyboard */; };
		2842D8FA1BE1F0A900291200 /* AppDelegate.m in Sources */ = {isa = PBXBuildFile; fileRef = 2842D8F31BE1F0A900291200 /* AppDelegate.m */; };
		2842D8FD1BE1F13200291200 /* SWNetHelper.m in Sources */ = {isa = PBXBuildFile; fileRef = 2842D8FC1BE1F13200291200 /* SWNetHelper.m */; };
		2842D9011BE1F94F00291200 /* NSString+Date.m in Sources */ = {isa = PBXBuildFile; fileRef = 2842D9001BE1F94F00291200 /* NSString+Date.m */; };
		28716C061BF06AB1007BFB4F /* SWColorCell.m in Sources */ = {isa = PBXBuildFile; fileRef = 28716C051BF06AB1007BFB4F /* SWColorCell.m */; };
		28716C121BF07994007BFB4F /* SWColorPickerCell.m in Sources */ = {isa = PBXBuildFile; fileRef = 28716C101BF07994007BFB4F /* SWColorPickerCell.m */; };
		28716C131BF07994007BFB4F /* SWColorPickerCell.xib in Resources */ = {isa = PBXBuildFile; fileRef = 28716C111BF07994007BFB4F /* SWColorPickerCell.xib */; };
		2882C8301BEC507A00CCABB0 /* WeatherLazy framed.png in Resources */ = {isa = PBXBuildFile; fileRef = 2882C82F1BEC507A00CCABB0 /* WeatherLazy framed.png */; };
		288E01FA1BF1CF53002E9669 /* SWSetHelper.m in Sources */ = {isa = PBXBuildFile; fileRef = 288E01F91BF1CF53002E9669 /* SWSetHelper.m */; };
		288E01FD1BF1EDCB002E9669 /* UITableViewController+SWChangeColor.m in Sources */ = {isa = PBXBuildFile; fileRef = 288E01FC1BF1EDCB002E9669 /* UITableViewController+SWChangeColor.m */; };
		288E02001BF1F505002E9669 /* UIView+SWChangeColor.m in Sources */ = {isa = PBXBuildFile; fileRef = 288E01FF1BF1F505002E9669 /* UIView+SWChangeColor.m */; };
		28B286F51BEB2C7700B75B9C /* SWRootViewController.m in Sources */ = {isa = PBXBuildFile; fileRef = 28B286F41BEB2C7700B75B9C /* SWRootViewController.m */; };
		28B286F81BEB335900B75B9C /* SWPageViewDataSource.m in Sources */ = {isa = PBXBuildFile; fileRef = 28B286F71BEB335900B75B9C /* SWPageViewDataSource.m */; };
		28B286FB1BEB3CF600B75B9C /* SWHomeViewController.m in Sources */ = {isa = PBXBuildFile; fileRef = 28B286FA1BEB3CF600B75B9C /* SWHomeViewController.m */; };
		28B286FE1BEB3D0C00B75B9C /* SWSettingViewController.m in Sources */ = {isa = PBXBuildFile; fileRef = 28B286FD1BEB3D0C00B75B9C /* SWSettingViewController.m */; };
		A6F6079930659E3901CBFDF8 /* libPods.a in Frameworks */ = {isa = PBXBuildFile; fileRef = 4B967788455FEC27DC63AF22 /* libPods.a */; };
/* End PBXBuildFile section */

/* Begin PBXFileReference section */
		2842D8CE1BE1E6A700291200 /* SimpleWeather2.app */ = {isa = PBXFileReference; explicitFileType = wrapper.application; includeInIndex = 0; path = SimpleWeather2.app; sourceTree = BUILT_PRODUCTS_DIR; };
		2842D8D21BE1E6A700291200 /* main.m */ = {isa = PBXFileReference; lastKnownFileType = sourcecode.c.objc; path = main.m; sourceTree = "<group>"; };
		2842D8DB1BE1E6A700291200 /* Base */ = {isa = PBXFileReference; lastKnownFileType = file.storyboard; name = Base; path = Base.lproj/Main.storyboard; sourceTree = "<group>"; };
		2842D8DD1BE1E6A700291200 /* Assets.xcassets */ = {isa = PBXFileReference; lastKnownFileType = folder.assetcatalog; path = Assets.xcassets; sourceTree = "<group>"; };
		2842D8E01BE1E6A700291200 /* Base */ = {isa = PBXFileReference; lastKnownFileType = file.storyboard; name = Base; path = Base.lproj/LaunchScreen.storyboard; sourceTree = "<group>"; };
		2842D8E21BE1E6A700291200 /* Info.plist */ = {isa = PBXFileReference; lastKnownFileType = text.plist.xml; path = Info.plist; sourceTree = "<group>"; };
		2842D8E81BE1E90500291200 /* SW.pch */ = {isa = PBXFileReference; lastKnownFileType = sourcecode.c.h; path = SW.pch; sourceTree = "<group>"; };
		2842D8F21BE1F0A900291200 /* AppDelegate.h */ = {isa = PBXFileReference; fileEncoding = 4; lastKnownFileType = sourcecode.c.h; path = AppDelegate.h; sourceTree = "<group>"; };
		2842D8F31BE1F0A900291200 /* AppDelegate.m */ = {isa = PBXFileReference; fileEncoding = 4; lastKnownFileType = sourcecode.c.objc; path = AppDelegate.m; sourceTree = "<group>"; };
		2842D8FB1BE1F13200291200 /* SWNetHelper.h */ = {isa = PBXFileReference; fileEncoding = 4; lastKnownFileType = sourcecode.c.h; path = SWNetHelper.h; sourceTree = "<group>"; };
		2842D8FC1BE1F13200291200 /* SWNetHelper.m */ = {isa = PBXFileReference; fileEncoding = 4; lastKnownFileType = sourcecode.c.objc; path = SWNetHelper.m; sourceTree = "<group>"; };
		2842D8FE1BE1F17100291200 /* NetWorkMacro.h */ = {isa = PBXFileReference; lastKnownFileType = sourcecode.c.h; path = NetWorkMacro.h; sourceTree = "<group>"; };
		2842D8FF1BE1F94F00291200 /* NSString+Date.h */ = {isa = PBXFileReference; fileEncoding = 4; lastKnownFileType = sourcecode.c.h; path = "NSString+Date.h"; sourceTree = "<group>"; };
		2842D9001BE1F94F00291200 /* NSString+Date.m */ = {isa = PBXFileReference; fileEncoding = 4; lastKnownFileType = sourcecode.c.objc; path = "NSString+Date.m"; sourceTree = "<group>"; };
		2842D9021BE1FF3A00291200 /* PDALog.h */ = {isa = PBXFileReference; lastKnownFileType = sourcecode.c.h; path = PDALog.h; sourceTree = "<group>"; };
		2842D90C1BE2044E00291200 /* Constants.h */ = {isa = PBXFileReference; lastKnownFileType = sourcecode.c.h; path = Constants.h; sourceTree = "<group>"; };
		28716C041BF06AB1007BFB4F /* SWColorCell.h */ = {isa = PBXFileReference; fileEncoding = 4; lastKnownFileType = sourcecode.c.h; path = SWColorCell.h; sourceTree = "<group>"; };
		28716C051BF06AB1007BFB4F /* SWColorCell.m */ = {isa = PBXFileReference; fileEncoding = 4; lastKnownFileType = sourcecode.c.objc; path = SWColorCell.m; sourceTree = "<group>"; };
		28716C0F1BF07994007BFB4F /* SWColorPickerCell.h */ = {isa = PBXFileReference; fileEncoding = 4; lastKnownFileType = sourcecode.c.h; path = SWColorPickerCell.h; sourceTree = "<group>"; };
		28716C101BF07994007BFB4F /* SWColorPickerCell.m */ = {isa = PBXFileReference; fileEncoding = 4; lastKnownFileType = sourcecode.c.objc; path = SWColorPickerCell.m; sourceTree = "<group>"; };
		28716C111BF07994007BFB4F /* SWColorPickerCell.xib */ = {isa = PBXFileReference; fileEncoding = 4; lastKnownFileType = file.xib; path = SWColorPickerCell.xib; sourceTree = "<group>"; };
		2882C82F1BEC507A00CCABB0 /* WeatherLazy framed.png */ = {isa = PBXFileReference; lastKnownFileType = image.png; path = "WeatherLazy framed.png"; sourceTree = "<group>"; };
		288E01F81BF1CF53002E9669 /* SWSetHelper.h */ = {isa = PBXFileReference; fileEncoding = 4; lastKnownFileType = sourcecode.c.h; path = SWSetHelper.h; sourceTree = "<group>"; };
		288E01F91BF1CF53002E9669 /* SWSetHelper.m */ = {isa = PBXFileReference; fileEncoding = 4; lastKnownFileType = sourcecode.c.objc; path = SWSetHelper.m; sourceTree = "<group>"; };
		288E01FB1BF1EDCB002E9669 /* UITableViewController+SWChangeColor.h */ = {isa = PBXFileReference; fileEncoding = 4; lastKnownFileType = sourcecode.c.h; path = "UITableViewController+SWChangeColor.h"; sourceTree = "<group>"; };
		288E01FC1BF1EDCB002E9669 /* UITableViewController+SWChangeColor.m */ = {isa = PBXFileReference; fileEncoding = 4; lastKnownFileType = sourcecode.c.objc; path = "UITableViewController+SWChangeColor.m"; sourceTree = "<group>"; };
		288E01FE1BF1F505002E9669 /* UIView+SWChangeColor.h */ = {isa = PBXFileReference; fileEncoding = 4; lastKnownFileType = sourcecode.c.h; path = "UIView+SWChangeColor.h"; sourceTree = "<group>"; };
		288E01FF1BF1F505002E9669 /* UIView+SWChangeColor.m */ = {isa = PBXFileReference; fileEncoding = 4; lastKnownFileType = sourcecode.c.objc; path = "UIView+SWChangeColor.m"; sourceTree = "<group>"; };
		28B286F31BEB2C7700B75B9C /* SWRootViewController.h */ = {isa = PBXFileReference; fileEncoding = 4; lastKnownFileType = sourcecode.c.h; path = SWRootViewController.h; sourceTree = "<group>"; };
		28B286F41BEB2C7700B75B9C /* SWRootViewController.m */ = {isa = PBXFileReference; fileEncoding = 4; lastKnownFileType = sourcecode.c.objc; path = SWRootViewController.m; sourceTree = "<group>"; };
		28B286F61BEB335900B75B9C /* SWPageViewDataSource.h */ = {isa = PBXFileReference; fileEncoding = 4; lastKnownFileType = sourcecode.c.h; path = SWPageViewDataSource.h; sourceTree = "<group>"; };
		28B286F71BEB335900B75B9C /* SWPageViewDataSource.m */ = {isa = PBXFileReference; fileEncoding = 4; lastKnownFileType = sourcecode.c.objc; path = SWPageViewDataSource.m; sourceTree = "<group>"; };
		28B286F91BEB3CF600B75B9C /* SWHomeViewController.h */ = {isa = PBXFileReference; fileEncoding = 4; lastKnownFileType = sourcecode.c.h; path = SWHomeViewController.h; sourceTree = "<group>"; };
		28B286FA1BEB3CF600B75B9C /* SWHomeViewController.m */ = {isa = PBXFileReference; fileEncoding = 4; lastKnownFileType = sourcecode.c.objc; path = SWHomeViewController.m; sourceTree = "<group>"; };
		28B286FC1BEB3D0C00B75B9C /* SWSettingViewController.h */ = {isa = PBXFileReference; fileEncoding = 4; lastKnownFileType = sourcecode.c.h; path = SWSettingViewController.h; sourceTree = "<group>"; };
		28B286FD1BEB3D0C00B75B9C /* SWSettingViewController.m */ = {isa = PBXFileReference; fileEncoding = 4; lastKnownFileType = sourcecode.c.objc; path = SWSettingViewController.m; sourceTree = "<group>"; };
		4B967788455FEC27DC63AF22 /* libPods.a */ = {isa = PBXFileReference; explicitFileType = archive.ar; includeInIndex = 0; path = libPods.a; sourceTree = BUILT_PRODUCTS_DIR; };
		805D30458C3EB82AA1D3FCEF /* Pods.release.xcconfig */ = {isa = PBXFileReference; includeInIndex = 1; lastKnownFileType = text.xcconfig; name = Pods.release.xcconfig; path = "Pods/Target Support Files/Pods/Pods.release.xcconfig"; sourceTree = "<group>"; };
		CA2EB37A97651826DDA62EEE /* Pods.debug.xcconfig */ = {isa = PBXFileReference; includeInIndex = 1; lastKnownFileType = text.xcconfig; name = Pods.debug.xcconfig; path = "Pods/Target Support Files/Pods/Pods.debug.xcconfig"; sourceTree = "<group>"; };
/* End PBXFileReference section */

/* Begin PBXFrameworksBuildPhase section */
		2842D8CB1BE1E6A700291200 /* Frameworks */ = {
			isa = PBXFrameworksBuildPhase;
			buildActionMask = 2147483647;
			files = (
				A6F6079930659E3901CBFDF8 /* libPods.a in Frameworks */,
			);
			runOnlyForDeploymentPostprocessing = 0;
		};
/* End PBXFrameworksBuildPhase section */

/* Begin PBXGroup section */
		14CC1229483D17E54A5F5FED /* Pods */ = {
			isa = PBXGroup;
			children = (
				CA2EB37A97651826DDA62EEE /* Pods.debug.xcconfig */,
				805D30458C3EB82AA1D3FCEF /* Pods.release.xcconfig */,
			);
			name = Pods;
			sourceTree = "<group>";
		};
		2842D8C51BE1E6A700291200 = {
			isa = PBXGroup;
			children = (
				2842D8D01BE1E6A700291200 /* SimpleWeather2 */,
				2842D8CF1BE1E6A700291200 /* Products */,
				14CC1229483D17E54A5F5FED /* Pods */,
				56B19EA8BDE0E2A77B46426D /* Frameworks */,
			);
			sourceTree = "<group>";
		};
		2842D8CF1BE1E6A700291200 /* Products */ = {
			isa = PBXGroup;
			children = (
				2842D8CE1BE1E6A700291200 /* SimpleWeather2.app */,
			);
			name = Products;
			sourceTree = "<group>";
		};
		2842D8D01BE1E6A700291200 /* SimpleWeather2 */ = {
			isa = PBXGroup;
			children = (
				2842D8EA1BE1F01100291200 /* Classes */,
				2842D8D11BE1E6A700291200 /* Supporting Files */,
			);
			path = SimpleWeather2;
			sourceTree = "<group>";
		};
		2842D8D11BE1E6A700291200 /* Supporting Files */ = {
			isa = PBXGroup;
			children = (
				2842D8DA1BE1E6A700291200 /* Main.storyboard */,
				2842D8DD1BE1E6A700291200 /* Assets.xcassets */,
				2842D8DF1BE1E6A700291200 /* LaunchScreen.storyboard */,
				2842D8E21BE1E6A700291200 /* Info.plist */,
				2842D8D21BE1E6A700291200 /* main.m */,
				2842D8E81BE1E90500291200 /* SW.pch */,
			);
			name = "Supporting Files";
			sourceTree = "<group>";
		};
		2842D8EA1BE1F01100291200 /* Classes */ = {
			isa = PBXGroup;
			children = (
				2842D8F11BE1F0A900291200 /* AppDelegate */,
				2842D8F41BE1F0A900291200 /* General */,
				2842D8F51BE1F0A900291200 /* Helpers */,
				2842D8F61BE1F0A900291200 /* Macro */,
				2842D8F81BE1F0A900291200 /* Sections */,
				2842D8F91BE1F0A900291200 /* Vendors */,
				2842D8F71BE1F0A900291200 /* Resources */,
			);
			path = Classes;
			sourceTree = "<group>";
		};
		2842D8F11BE1F0A900291200 /* AppDelegate */ = {
			isa = PBXGroup;
			children = (
				2842D8F21BE1F0A900291200 /* AppDelegate.h */,
				2842D8F31BE1F0A900291200 /* AppDelegate.m */,
			);
			path = AppDelegate;
			sourceTree = "<group>";
		};
		2842D8F41BE1F0A900291200 /* General */ = {
			isa = PBXGroup;
			children = (
				28716BFB1BF06551007BFB4F /* Cells */,
				2842D8FF1BE1F94F00291200 /* NSString+Date.h */,
				2842D9001BE1F94F00291200 /* NSString+Date.m */,
				288E01FB1BF1EDCB002E9669 /* UITableViewController+SWChangeColor.h */,
				288E01FC1BF1EDCB002E9669 /* UITableViewController+SWChangeColor.m */,
				288E01FE1BF1F505002E9669 /* UIView+SWChangeColor.h */,
				288E01FF1BF1F505002E9669 /* UIView+SWChangeColor.m */,
				28B286F61BEB335900B75B9C /* SWPageViewDataSource.h */,
				28B286F71BEB335900B75B9C /* SWPageViewDataSource.m */,
			);
			path = General;
			sourceTree = "<group>";
		};
		2842D8F51BE1F0A900291200 /* Helpers */ = {
			isa = PBXGroup;
			children = (
				2842D8FB1BE1F13200291200 /* SWNetHelper.h */,
				2842D8FC1BE1F13200291200 /* SWNetHelper.m */,
				288E01F81BF1CF53002E9669 /* SWSetHelper.h */,
				288E01F91BF1CF53002E9669 /* SWSetHelper.m */,
			);
			path = Helpers;
			sourceTree = "<group>";
		};
		2842D8F61BE1F0A900291200 /* Macro */ = {
			isa = PBXGroup;
			children = (
				2842D9021BE1FF3A00291200 /* PDALog.h */,
				2842D8FE1BE1F17100291200 /* NetWorkMacro.h */,
				2842D90C1BE2044E00291200 /* Constants.h */,
			);
			path = Macro;
			sourceTree = "<group>";
		};
		2842D8F71BE1F0A900291200 /* Resources */ = {
			isa = PBXGroup;
			children = (
				2882C82F1BEC507A00CCABB0 /* WeatherLazy framed.png */,
			);
			path = Resources;
			sourceTree = "<group>";
		};
		2842D8F81BE1F0A900291200 /* Sections */ = {
			isa = PBXGroup;
			children = (
				28B286F31BEB2C7700B75B9C /* SWRootViewController.h */,
				28B286F41BEB2C7700B75B9C /* SWRootViewController.m */,
				28B286F91BEB3CF600B75B9C /* SWHomeViewController.h */,
				28B286FA1BEB3CF600B75B9C /* SWHomeViewController.m */,
				28B286FC1BEB3D0C00B75B9C /* SWSettingViewController.h */,
				28B286FD1BEB3D0C00B75B9C /* SWSettingViewController.m */,
			);
			path = Sections;
			sourceTree = "<group>";
		};
		2842D8F91BE1F0A900291200 /* Vendors */ = {
			isa = PBXGroup;
			children = (
			);
			path = Vendors;
			sourceTree = "<group>";
		};
		28716BFB1BF06551007BFB4F /* Cells */ = {
			isa = PBXGroup;
			children = (
				28716C041BF06AB1007BFB4F /* SWColorCell.h */,
				28716C051BF06AB1007BFB4F /* SWColorCell.m */,
				28716C0F1BF07994007BFB4F /* SWColorPickerCell.h */,
				28716C101BF07994007BFB4F /* SWColorPickerCell.m */,
				28716C111BF07994007BFB4F /* SWColorPickerCell.xib */,
			);
			path = Cells;
			sourceTree = "<group>";
		};
		56B19EA8BDE0E2A77B46426D /* Frameworks */ = {
			isa = PBXGroup;
			children = (
				4B967788455FEC27DC63AF22 /* libPods.a */,
			);
			name = Frameworks;
			sourceTree = "<group>";
		};
/* End PBXGroup section */

/* Begin PBXNativeTarget section */
		2842D8CD1BE1E6A700291200 /* SimpleWeather2 */ = {
			isa = PBXNativeTarget;
			buildConfigurationList = 2842D8E51BE1E6A700291200 /* Build configuration list for PBXNativeTarget "SimpleWeather2" */;
			buildPhases = (
				ECB6B1464A523815FAF54C16 /* Check Pods Manifest.lock */,
				2842D8CA1BE1E6A700291200 /* Sources */,
				2842D8CB1BE1E6A700291200 /* Frameworks */,
				2842D8CC1BE1E6A700291200 /* Resources */,
				20909979DBAC3405A99F52B4 /* Copy Pods Resources */,
				3EEFA37148EF042DA46C789A /* Embed Pods Frameworks */,
			);
			buildRules = (
			);
			dependencies = (
			);
			name = SimpleWeather2;
			productName = SimpleWeather2;
			productReference = 2842D8CE1BE1E6A700291200 /* SimpleWeather2.app */;
			productType = "com.apple.product-type.application";
		};
/* End PBXNativeTarget section */

/* Begin PBXProject section */
		2842D8C61BE1E6A700291200 /* Project object */ = {
			isa = PBXProject;
			attributes = {
				CLASSPREFIX = SW;
				LastUpgradeCheck = 0700;
				ORGANIZATIONNAME = Panda;
				TargetAttributes = {
					2842D8CD1BE1E6A700291200 = {
						CreatedOnToolsVersion = 7.0.1;
					};
				};
			};
			buildConfigurationList = 2842D8C91BE1E6A700291200 /* Build configuration list for PBXProject "SimpleWeather2" */;
			compatibilityVersion = "Xcode 3.2";
			developmentRegion = English;
			hasScannedForEncodings = 0;
			knownRegions = (
				en,
				Base,
			);
			mainGroup = 2842D8C51BE1E6A700291200;
			productRefGroup = 2842D8CF1BE1E6A700291200 /* Products */;
			projectDirPath = "";
			projectRoot = "";
			targets = (
				2842D8CD1BE1E6A700291200 /* SimpleWeather2 */,
			);
		};
/* End PBXProject section */

/* Begin PBXResourcesBuildPhase section */
		2842D8CC1BE1E6A700291200 /* Resources */ = {
			isa = PBXResourcesBuildPhase;
			buildActionMask = 2147483647;
			files = (
				2882C8301BEC507A00CCABB0 /* WeatherLazy framed.png in Resources */,
				28716C131BF07994007BFB4F /* SWColorPickerCell.xib in Resources */,
				2842D8E11BE1E6A700291200 /* LaunchScreen.storyboard in Resources */,
				2842D8DE1BE1E6A700291200 /* Assets.xcassets in Resources */,
				2842D8DC1BE1E6A700291200 /* Main.storyboard in Resources */,
			);
			runOnlyForDeploymentPostprocessing = 0;
		};
/* End PBXResourcesBuildPhase section */

/* Begin PBXShellScriptBuildPhase section */
		20909979DBAC3405A99F52B4 /* Copy Pods Resources */ = {
			isa = PBXShellScriptBuildPhase;
			buildActionMask = 2147483647;
			files = (
			);
			inputPaths = (
			);
			name = "Copy Pods Resources";
			outputPaths = (
			);
			runOnlyForDeploymentPostprocessing = 0;
			shellPath = /bin/sh;
			shellScript = "\"${SRCROOT}/Pods/Target Support Files/Pods/Pods-resources.sh\"\n";
			showEnvVarsInLog = 0;
		};
		3EEFA37148EF042DA46C789A /* Embed Pods Frameworks */ = {
			isa = PBXShellScriptBuildPhase;
			buildActionMask = 2147483647;
			files = (
			);
			inputPaths = (
			);
			name = "Embed Pods Frameworks";
			outputPaths = (
			);
			runOnlyForDeploymentPostprocessing = 0;
			shellPath = /bin/sh;
			shellScript = "\"${SRCROOT}/Pods/Target Support Files/Pods/Pods-frameworks.sh\"\n";
			showEnvVarsInLog = 0;
		};
		ECB6B1464A523815FAF54C16 /* Check Pods Manifest.lock */ = {
			isa = PBXShellScriptBuildPhase;
			buildActionMask = 2147483647;
			files = (
			);
			inputPaths = (
			);
			name = "Check Pods Manifest.lock";
			outputPaths = (
			);
			runOnlyForDeploymentPostprocessing = 0;
			shellPath = /bin/sh;
			shellScript = "diff \"${PODS_ROOT}/../Podfile.lock\" \"${PODS_ROOT}/Manifest.lock\" > /dev/null\nif [[ $? != 0 ]] ; then\n    cat << EOM\nerror: The sandbox is not in sync with the Podfile.lock. Run 'pod install' or update your CocoaPods installation.\nEOM\n    exit 1\nfi\n";
			showEnvVarsInLog = 0;
		};
/* End PBXShellScriptBuildPhase section */

/* Begin PBXSourcesBuildPhase section */
		2842D8CA1BE1E6A700291200 /* Sources */ = {
			isa = PBXSourcesBuildPhase;
			buildActionMask = 2147483647;
			files = (
				2842D9011BE1F94F00291200 /* NSString+Date.m in Sources */,
				28B286F51BEB2C7700B75B9C /* SWRootViewController.m in Sources */,
				28B286FB1BEB3CF600B75B9C /* SWHomeViewController.m in Sources */,
				288E02001BF1F505002E9669 /* UIView+SWChangeColor.m in Sources */,
				28B286FE1BEB3D0C00B75B9C /* SWSettingViewController.m in Sources */,
				28B286F81BEB335900B75B9C /* SWPageViewDataSource.m in Sources */,
				28716C121BF07994007BFB4F /* SWColorPickerCell.m in Sources */,
				2842D8FD1BE1F13200291200 /* SWNetHelper.m in Sources */,
				288E01FD1BF1EDCB002E9669 /* UITableViewController+SWChangeColor.m in Sources */,
				28716C061BF06AB1007BFB4F /* SWColorCell.m in Sources */,
				2842D8D31BE1E6A700291200 /* main.m in Sources */,
				2842D8FA1BE1F0A900291200 /* AppDelegate.m in Sources */,
				288E01FA1BF1CF53002E9669 /* SWSetHelper.m in Sources */,
			);
			runOnlyForDeploymentPostprocessing = 0;
		};
/* End PBXSourcesBuildPhase section */

/* Begin PBXVariantGroup section */
		2842D8DA1BE1E6A700291200 /* Main.storyboard */ = {
			isa = PBXVariantGroup;
			children = (
				2842D8DB1BE1E6A700291200 /* Base */,
			);
			name = Main.storyboard;
			sourceTree = "<group>";
		};
		2842D8DF1BE1E6A700291200 /* LaunchScreen.storyboard */ = {
			isa = PBXVariantGroup;
			children = (
				2842D8E01BE1E6A700291200 /* Base */,
			);
			name = LaunchScreen.storyboard;
			sourceTree = "<group>";
		};
/* End PBXVariantGroup section */

/* Begin XCBuildConfiguration section */
		2842D8E31BE1E6A700291200 /* Debug */ = {
			isa = XCBuildConfiguration;
			buildSettings = {
				ALWAYS_SEARCH_USER_PATHS = NO;
				CLANG_CXX_LANGUAGE_STANDARD = "gnu++0x";
				CLANG_CXX_LIBRARY = "libc++";
				CLANG_ENABLE_MODULES = YES;
				CLANG_ENABLE_OBJC_ARC = YES;
				CLANG_WARN_BOOL_CONVERSION = YES;
				CLANG_WARN_CONSTANT_CONVERSION = YES;
				CLANG_WARN_DIRECT_OBJC_ISA_USAGE = YES_ERROR;
				CLANG_WARN_EMPTY_BODY = YES;
				CLANG_WARN_ENUM_CONVERSION = YES;
				CLANG_WARN_INT_CONVERSION = YES;
				CLANG_WARN_OBJC_ROOT_CLASS = YES_ERROR;
				CLANG_WARN_UNREACHABLE_CODE = YES;
				CLANG_WARN__DUPLICATE_METHOD_MATCH = YES;
				"CODE_SIGN_IDENTITY[sdk=iphoneos*]" = "iPhone Developer";
				COPY_PHASE_STRIP = NO;
				DEBUG_INFORMATION_FORMAT = dwarf;
				ENABLE_STRICT_OBJC_MSGSEND = YES;
				ENABLE_TESTABILITY = YES;
				GCC_C_LANGUAGE_STANDARD = gnu99;
				GCC_DYNAMIC_NO_PIC = NO;
				GCC_NO_COMMON_BLOCKS = YES;
				GCC_OPTIMIZATION_LEVEL = 0;
				GCC_PREPROCESSOR_DEFINITIONS = (
					"DEBUG=1",
					"$(inherited)",
				);
				GCC_WARN_64_TO_32_BIT_CONVERSION = YES;
				GCC_WARN_ABOUT_RETURN_TYPE = YES_ERROR;
				GCC_WARN_UNDECLARED_SELECTOR = YES;
				GCC_WARN_UNINITIALIZED_AUTOS = YES_AGGRESSIVE;
				GCC_WARN_UNUSED_FUNCTION = YES;
				GCC_WARN_UNUSED_VARIABLE = YES;
				IPHONEOS_DEPLOYMENT_TARGET = 9.0;
				MTL_ENABLE_DEBUG_INFO = YES;
				ONLY_ACTIVE_ARCH = YES;
				SDKROOT = iphoneos;
				TARGETED_DEVICE_FAMILY = "1,2";
			};
			name = Debug;
		};
		2842D8E41BE1E6A700291200 /* Release */ = {
			isa = XCBuildConfiguration;
			buildSettings = {
				ALWAYS_SEARCH_USER_PATHS = NO;
				CLANG_CXX_LANGUAGE_STANDARD = "gnu++0x";
				CLANG_CXX_LIBRARY = "libc++";
				CLANG_ENABLE_MODULES = YES;
				CLANG_ENABLE_OBJC_ARC = YES;
				CLANG_WARN_BOOL_CONVERSION = YES;
				CLANG_WARN_CONSTANT_CONVERSION = YES;
				CLANG_WARN_DIRECT_OBJC_ISA_USAGE = YES_ERROR;
				CLANG_WARN_EMPTY_BODY = YES;
				CLANG_WARN_ENUM_CONVERSION = YES;
				CLANG_WARN_INT_CONVERSION = YES;
				CLANG_WARN_OBJC_ROOT_CLASS = YES_ERROR;
				CLANG_WARN_UNREACHABLE_CODE = YES;
				CLANG_WARN__DUPLICATE_METHOD_MATCH = YES;
				"CODE_SIGN_IDENTITY[sdk=iphoneos*]" = "iPhone Developer";
				COPY_PHASE_STRIP = NO;
				DEBUG_INFORMATION_FORMAT = "dwarf-with-dsym";
				ENABLE_NS_ASSERTIONS = NO;
				ENABLE_STRICT_OBJC_MSGSEND = YES;
				GCC_C_LANGUAGE_STANDARD = gnu99;
				GCC_NO_COMMON_BLOCKS = YES;
				GCC_WARN_64_TO_32_BIT_CONVERSION = YES;
				GCC_WARN_ABOUT_RETURN_TYPE = YES_ERROR;
				GCC_WARN_UNDECLARED_SELECTOR = YES;
				GCC_WARN_UNINITIALIZED_AUTOS = YES_AGGRESSIVE;
				GCC_WARN_UNUSED_FUNCTION = YES;
				GCC_WARN_UNUSED_VARIABLE = YES;
				IPHONEOS_DEPLOYMENT_TARGET = 9.0;
				MTL_ENABLE_DEBUG_INFO = NO;
				SDKROOT = iphoneos;
				TARGETED_DEVICE_FAMILY = "1,2";
				VALIDATE_PRODUCT = YES;
			};
			name = Release;
		};
		2842D8E61BE1E6A700291200 /* Debug */ = {
			isa = XCBuildConfiguration;
			baseConfigurationReference = CA2EB37A97651826DDA62EEE /* Pods.debug.xcconfig */;
			buildSettings = {
				ASSETCATALOG_COMPILER_APPICON_NAME = AppIcon;
				GCC_PREFIX_HEADER = "$(SRCROOT)/SimpleWeather2/SW.pch";
				INFOPLIST_FILE = SimpleWeather2/Info.plist;
				IPHONEOS_DEPLOYMENT_TARGET = 8.0;
				LD_RUNPATH_SEARCH_PATHS = "$(inherited) @executable_path/Frameworks";
				PRODUCT_BUNDLE_IDENTIFIER = PDA.SimpleWeather2;
				PRODUCT_NAME = "$(TARGET_NAME)";
			};
			name = Debug;
		};
		2842D8E71BE1E6A700291200 /* Release */ = {
			isa = XCBuildConfiguration;
			baseConfigurationReference = 805D30458C3EB82AA1D3FCEF /* Pods.release.xcconfig */;
			buildSettings = {
				ASSETCATALOG_COMPILER_APPICON_NAME = AppIcon;
				GCC_PREFIX_HEADER = "$(SRCROOT)/SimpleWeather2/SW.pch";
				INFOPLIST_FILE = SimpleWeather2/Info.plist;
				IPHONEOS_DEPLOYMENT_TARGET = 8.0;
				LD_RUNPATH_SEARCH_PATHS = "$(inherited) @executable_path/Frameworks";
				PRODUCT_BUNDLE_IDENTIFIER = PDA.SimpleWeather2;
				PRODUCT_NAME = "$(TARGET_NAME)";
			};
			name = Release;
		};
/* End XCBuildConfiguration section */

/* Begin XCConfigurationList section */
		2842D8C91BE1E6A700291200 /* Build configuration list for PBXProject "SimpleWeather2" */ = {
			isa = XCConfigurationList;
			buildConfigurations = (
				2842D8E31BE1E6A700291200 /* Debug */,
				2842D8E41BE1E6A700291200 /* Release */,
			);
			defaultConfigurationIsVisible = 0;
			defaultConfigurationName = Release;
		};
		2842D8E51BE1E6A700291200 /* Build configuration list for PBXNativeTarget "SimpleWeather2" */ = {
			isa = XCConfigurationList;
			buildConfigurations = (
				2842D8E61BE1E6A700291200 /* Debug */,
				2842D8E71BE1E6A700291200 /* Release */,
			);
			defaultConfigurationIsVisible = 0;
			defaultConfigurationName = Release;
		};
/* End XCConfigurationList section */
	};
	rootObject = 2842D8C61BE1E6A700291200 /* Project object */;
}
